# @generated - this file is auto-generated by `mise lock` https://mise.en.dev/dev-tools/mise-lock.html

[[tools.dotnet]]
version = "10.0.300"
backend = "core:dotnet"

[[tools.godot]]
version = "4.6.2-stable-mono"
backend = "asdf:https://github.com/mkungla/asdf-godot.git"

[[tools.java]]
version = "temurin-21.0.10+7.0.LTS"
backend = "core:java"

[tools.java."platforms.linux-arm64"]
checksum = "sha256:357fee29fb0d5c079f6730db98b28942df13a6eed426f6c61cd4ad703ab27b9a"
url = "https://github.com/adoptium/temurin21-binaries/releases/download/jdk-21.0.10%2B7/OpenJDK21U-jdk_aarch64_linux_hotspot_21.0.10_7.tar.gz"

[tools.java."platforms.linux-arm64-musl"]
checksum = "sha256:19eba6c3877612157ef1f46deb92745b4567cfcd64b79f15449c68cd2b7501e3"
url = "https://github.com/adoptium/temurin21-binaries/releases/download/jdk-21.0.10%2B7/OpenJDK21U-jdk_aarch64_alpine-linux_hotspot_21.0.10_7.tar.gz"

[tools.java."platforms.linux-x64"]
checksum = "sha256:ea3b9bd464d6dd253e9a7accf59f7ccd2a36e4aa69640b7251e3370caef896a4"
url = "https://github.com/adoptium/temurin21-binaries/releases/download/jdk-21.0.10%2B7/OpenJDK21U-jdk_x64_linux_hotspot_21.0.10_7.tar.gz"

[tools.java."platforms.linux-x64-musl"]
checksum = "sha256:8eb39f442c3c603e414af43844b419a9b5d4f3fe221181f323aa4eec1bd20cf8"
url = "https://github.com/adoptium/temurin21-binaries/releases/download/jdk-21.0.10%2B7/OpenJDK21U-jdk_x64_alpine-linux_hotspot_21.0.10_7.tar.gz"

[tools.java."platforms.macos-arm64"]
checksum = "sha256:01ca390455216ca27bdddf8cfad51aaedb4f90e1e23aad9bfd9e90caaa2c5f1b"
url = "https://github.com/adoptium/temurin21-binaries/releases/download/jdk-21.0.10%2B7/OpenJDK21U-jdk_aarch64_mac_hotspot_21.0.10_7.tar.gz"

[tools.java."platforms.macos-x64"]
checksum = "sha256:7484d5d4cdb02fc17a842ab86ddac2524a0365066659c46b2e258c64152379cd"
url = "https://github.com/adoptium/temurin21-binaries/releases/download/jdk-21.0.10%2B7/OpenJDK21U-jdk_x64_mac_hotspot_21.0.10_7.tar.gz"

[tools.java."platforms.windows-x64"]
checksum = "sha256:08cae782814f027f8b159d6b68823f0f87422eb475c1a0ea1abc7a4357aaf11f"
url = "https://github.com/adoptium/temurin21-binaries/releases/download/jdk-21.0.10%2B7/OpenJDK21U-jdk_x64_windows_hotspot_21.0.10_7.zip"

[[tools.ktlint]]
version = "1.8.0"
backend = "aqua:pinterest/ktlint"

[tools.ktlint."platforms.linux-arm64"]
checksum = "sha256:3722801dd119b96a2fbeda0b9d66f173994f249998c87bcf2274b51977aa8f77"
url = "https://github.com/ktlint/ktlint/releases/download/1.8.0/ktlint-1.8.0.zip"

[tools.ktlint."platforms.linux-arm64-musl"]
checksum = "sha256:3722801dd119b96a2fbeda0b9d66f173994f249998c87bcf2274b51977aa8f77"
url = "https://github.com/ktlint/ktlint/releases/download/1.8.0/ktlint-1.8.0.zip"

[tools.ktlint."platforms.linux-x64"]
checksum = "sha256:3722801dd119b96a2fbeda0b9d66f173994f249998c87bcf2274b51977aa8f77"
url = "https://github.com/ktlint/ktlint/releases/download/1.8.0/ktlint-1.8.0.zip"

[tools.ktlint."platforms.linux-x64-musl"]
checksum = "sha256:3722801dd119b96a2fbeda0b9d66f173994f249998c87bcf2274b51977aa8f77"
url = "https://github.com/ktlint/ktlint/releases/download/1.8.0/ktlint-1.8.0.zip"

[tools.ktlint."platforms.macos-arm64"]
checksum = "sha256:3722801dd119b96a2fbeda0b9d66f173994f249998c87bcf2274b51977aa8f77"
url = "https://github.com/ktlint/ktlint/releases/download/1.8.0/ktlint-1.8.0.zip"

[tools.ktlint."platforms.macos-x64"]
checksum = "sha256:3722801dd119b96a2fbeda0b9d66f173994f249998c87bcf2274b51977aa8f77"
url = "https://github.com/ktlint/ktlint/releases/download/1.8.0/ktlint-1.8.0.zip"

[tools.ktlint."platforms.windows-x64"]
checksum = "sha256:3722801dd119b96a2fbeda0b9d66f173994f249998c87bcf2274b51977aa8f77"
url = "https://github.com/ktlint/ktlint/releases/download/1.8.0/ktlint-1.8.0.zip"

[[tools.node]]
version = "24.15.0"
backend = "core:node"

[tools.node."platforms.linux-arm64"]
checksum = "sha256:73afc234d558c24919875f51c2d1ea002a2ada4ea6f83601a383869fefa64eed"
url = "https://nodejs.org/dist/v24.15.0/node-v24.15.0-linux-arm64.tar.gz"

[tools.node."platforms.linux-arm64-musl"]
checksum = "sha256:31e98aa960a067da91edffd5d93bc46657b5d2a8029612c359f5f2ac0060152a"
url = "https://unofficial-builds.nodejs.org/download/release/v24.15.0/node-v24.15.0-linux-arm64-musl.tar.gz"

[tools.node."platforms.linux-x64"]
checksum = "sha256:44836872d9aec49f1e6b52a9a922872db9a2b02d235a616a5681b6a85fec8d89"
url = "https://nodejs.org/dist/v24.15.0/node-v24.15.0-linux-x64.tar.gz"

[tools.node."platforms.linux-x64-musl"]
checksum = "sha256:f55af5bd489c5347b113ca6594cae00a54b30ba57ac5875324311bfc6f4762e3"
url = "https://unofficial-builds.nodejs.org/download/release/v24.15.0/node-v24.15.0-linux-x64-musl.tar.gz"

[tools.node."platforms.macos-arm64"]
checksum = "sha256:372331b969779ab5d15b949884fc6eaf88d5afe87bde8ba881d6400b9100ffc4"
url = "https://nodejs.org/dist/v24.15.0/node-v24.15.0-darwin-arm64.tar.gz"

[tools.node."platforms.macos-x64"]
checksum = "sha256:ffd5ee293467927f3ee731a553eb88fd1f48cf74eebc2d74a6babe4af228673b"
url = "https://nodejs.org/dist/v24.15.0/node-v24.15.0-darwin-x64.tar.gz"

[tools.node."platforms.windows-x64"]
checksum = "sha256:cc5149eabd53779ce1e7bdc5401643622d0c7e6800ade18928a767e940bb0e62"
url = "https://nodejs.org/dist/v24.15.0/node-v24.15.0-win-x64.zip"

[[tools."pipx:gdtoolkit"]]
version = "4.5.0"
backend = "pipx:gdtoolkit"

[[tools.python]]
version = "3.13.13"
backend = "core:python"

[tools.python."platforms.linux-arm64"]
checksum = "sha256:b396c30748c4aa2ca3990464e397bf04cdd3281a4f0464a8ad179daf96f080e2"
url = "https://github.com/astral-sh/python-build-standalone/releases/download/20260602/cpython-3.13.13+20260602-aarch64-unknown-linux-gnu-install_only_stripped.tar.gz"
provenance = "github-attestations"

[tools.python."platforms.linux-arm64-musl"]
checksum = "sha256:d9d48b63bdb28fc16e9414cf5af18349e1678abd5b5754fb0b39eeabaabe9a2f"
url = "https://github.com/astral-sh/python-build-standalone/releases/download/20260602/cpython-3.13.13+20260602-aarch64-unknown-linux-musl-install_only_stripped.tar.gz"
provenance = "github-attestations"

[tools.python."platforms.linux-x64"]
checksum = "sha256:c249d2b96af6912c3910f234b96aa8d20d30e8b0c46d0584fa956d7a77036ea9"
url = "https://github.com/astral-sh/python-build-standalone/releases/download/20260602/cpython-3.13.13+20260602-x86_64-unknown-linux-gnu-install_only_stripped.tar.gz"
provenance = "github-attestations"

[tools.python."platforms.linux-x64-musl"]
checksum = "sha256:5d9a053d28c9d09ecd50e700df88162b0a34b64930f9a35b09a58c105927508a"
url = "https://github.com/astral-sh/python-build-standalone/releases/download/20260602/cpython-3.13.13+20260602-x86_64-unknown-linux-musl-install_only_stripped.tar.gz"
provenance = "github-attestations"

[tools.python."platforms.macos-arm64"]
checksum = "sha256:b929647e1ebe243bd8b66c731e102b97dd7bdcc08127f03b7b22997ac4667403"
url = "https://github.com/astral-sh/python-build-standalone/releases/download/20260602/cpython-3.13.13+20260602-aarch64-apple-darwin-install_only_stripped.tar.gz"
provenance = "github-attestations"

[tools.python."platforms.macos-x64"]
checksum = "sha256:90761d4827285280b38e8d8ecd83f08b838f03730b891c6714e584fb0a53395d"
url = "https://github.com/astral-sh/python-build-standalone/releases/download/20260602/cpython-3.13.13+20260602-x86_64-apple-darwin-install_only_stripped.tar.gz"
provenance = "github-attestations"

[tools.python."platforms.windows-x64"]
checksum = "sha256:747876f7d97b228faccf680022de675ade6416f3e8e383efeb4976fd22a122f7"
url = "https://github.com/astral-sh/python-build-standalone/releases/download/20260602/cpython-3.13.13+20260602-x86_64-pc-windows-msvc-install_only_stripped.tar.gz"
provenance = "github-attestations"

[[tools.swiftlint]]
version = "0.62.2"
backend = "aqua:realm/SwiftLint"

[tools.swiftlint."platforms.linux-arm64"]
checksum = "sha256:a90ea84be3675e787c5784e46dcb5d173a3bf0b35b4f4e9e455d7b8eb728947e"
url = "https://github.com/realm/SwiftLint/releases/download/0.62.2/swiftlint_linux_arm64.zip"

[tools.swiftlint."platforms.linux-arm64-musl"]
checksum = "sha256:a90ea84be3675e787c5784e46dcb5d173a3bf0b35b4f4e9e455d7b8eb728947e"
url = "https://github.com/realm/SwiftLint/releases/download/0.62.2/swiftlint_linux_arm64.zip"

[tools.swiftlint."platforms.linux-x64"]
checksum = "sha256:d44e21c234cded72e1735abb32e8c641fadaf60270ef49ea6abf979a47a31deb"
url = "https://github.com/realm/SwiftLint/releases/download/0.62.2/swiftlint_linux_amd64.zip"

[tools.swiftlint."platforms.linux-x64-musl"]
checksum = "sha256:d44e21c234cded72e1735abb32e8c641fadaf60270ef49ea6abf979a47a31deb"
url = "https://github.com/realm/SwiftLint/releases/download/0.62.2/swiftlint_linux_amd64.zip"

[tools.swiftlint."platforms.macos-arm64"]
checksum = "sha256:79625bece2716395d955d34a5993e6c948ef57d0256abe5538aaab82f2ad6b68"
url = "https://github.com/realm/SwiftLint/releases/download/0.62.2/portable_swiftlint.zip"

[tools.swiftlint."platforms.macos-x64"]
checksum = "sha256:79625bece2716395d955d34a5993e6c948ef57d0256abe5538aaab82f2ad6b68"
url = "https://github.com/realm/SwiftLint/releases/download/0.62.2/portable_swiftlint.zip"

[[tools.uv]]
version = "0.11.7"
backend = "aqua:astral-sh/uv"

[tools.uv."platforms.linux-arm64"]
checksum = "sha256:46647dc16cbb7d6700f762fdd7a67d220abe18570914732bc310adc91308d272"
url = "https://github.com/astral-sh/uv/releases/download/0.11.7/uv-aarch64-unknown-linux-musl.tar.gz"
provenance = "github-attestations"

[tools.uv."platforms.linux-arm64-musl"]
checksum = "sha256:46647dc16cbb7d6700f762fdd7a67d220abe18570914732bc310adc91308d272"
url = "https://github.com/astral-sh/uv/releases/download/0.11.7/uv-aarch64-unknown-linux-musl.tar.gz"
provenance = "github-attestations"

[tools.uv."platforms.linux-x64"]
checksum = "sha256:64ddb5f1087649e3f75aa50d139aa4f36ddde728a5295a141e0fa9697bfb7b0f"
url = "https://github.com/astral-sh/uv/releases/download/0.11.7/uv-x86_64-unknown-linux-musl.tar.gz"
provenance = "github-attestations"

[tools.uv."platforms.linux-x64-musl"]
checksum = "sha256:64ddb5f1087649e3f75aa50d139aa4f36ddde728a5295a141e0fa9697bfb7b0f"
url = "https://github.com/astral-sh/uv/releases/download/0.11.7/uv-x86_64-unknown-linux-musl.tar.gz"
provenance = "github-attestations"

[tools.uv."platforms.macos-arm64"]
checksum = "sha256:66e37d91f839e12481d7b932a1eccbfe732560f42c1cfb89faddfa2454534ba8"
url = "https://github.com/astral-sh/uv/releases/download/0.11.7/uv-aarch64-apple-darwin.tar.gz"
provenance = "github-attestations"

[tools.uv."platforms.macos-x64"]
checksum = "sha256:0a4bc8fcde4974ea3560be21772aeecab600a6f43fa6e58169f9fa7b3b71d302"
url = "https://github.com/astral-sh/uv/releases/download/0.11.7/uv-x86_64-apple-darwin.tar.gz"
provenance = "github-attestations"

[tools.uv."platforms.windows-x64"]
checksum = "sha256:fe0c7815acf4fc45f8a5eff58ed3cf7ae2e15c3cf1dceadbd10c816ec1690cc1"
url = "https://github.com/astral-sh/uv/releases/download/0.11.7/uv-x86_64-pc-windows-msvc.zip"
provenance = "github-attestations"
