
Microsoft Visual Studio Solution File, Format Version 12.00
# Visual Studio Version 17
VisualStudioVersion = 17.0.31903.59
MinimumVisualStudioVersion = 10.0.40219.1
Project("{FAE04EC0-301F-11D3-BF4B-00C04F79EFBC}") = "KirieBasicPlatform", "KirieBasicPlatform.csproj", "{BF62F440-BE98-478A-819C-2D1E0C8BCFD1}"
EndProject
Project("{FAE04EC0-301F-11D3-BF4B-00C04F79EFBC}") = "GdKirie.EventaAdapter", "..\..\packages\GdKirie.EventaAdapter\GdKirie.EventaAdapter.csproj", "{074F3DD9-F0DE-460F-A17D-BFD03E64C37C}"
EndProject
Project("{FAE04EC0-301F-11D3-BF4B-00C04F79EFBC}") = "GdKirie.Platform", "..\..\packages\GdKirie.Platform\GdKirie.Platform.csproj", "{2878E917-1C89-4AF7-AF65-A8557FD49CD5}"
EndProject
Global
	GlobalSection(SolutionConfigurationPlatforms) = preSolution
		Debug|Any CPU = Debug|Any CPU
		ExportDebug|Any CPU = ExportDebug|Any CPU
		ExportRelease|Any CPU = ExportRelease|Any CPU
	EndGlobalSection
	GlobalSection(ProjectConfigurationPlatforms) = postSolution
		{BF62F440-BE98-478A-819C-2D1E0C8BCFD1}.Debug|Any CPU.ActiveCfg = Debug|Any CPU
		{BF62F440-BE98-478A-819C-2D1E0C8BCFD1}.Debug|Any CPU.Build.0 = Debug|Any CPU
		{BF62F440-BE98-478A-819C-2D1E0C8BCFD1}.ExportDebug|Any CPU.ActiveCfg = ExportDebug|Any CPU
		{BF62F440-BE98-478A-819C-2D1E0C8BCFD1}.ExportDebug|Any CPU.Build.0 = ExportDebug|Any CPU
		{BF62F440-BE98-478A-819C-2D1E0C8BCFD1}.ExportRelease|Any CPU.ActiveCfg = ExportRelease|Any CPU
		{BF62F440-BE98-478A-819C-2D1E0C8BCFD1}.ExportRelease|Any CPU.Build.0 = ExportRelease|Any CPU
		{074F3DD9-F0DE-460F-A17D-BFD03E64C37C}.Debug|Any CPU.ActiveCfg = Debug|Any CPU
		{074F3DD9-F0DE-460F-A17D-BFD03E64C37C}.Debug|Any CPU.Build.0 = Debug|Any CPU
		{074F3DD9-F0DE-460F-A17D-BFD03E64C37C}.ExportDebug|Any CPU.ActiveCfg = Debug|Any CPU
		{074F3DD9-F0DE-460F-A17D-BFD03E64C37C}.ExportDebug|Any CPU.Build.0 = Debug|Any CPU
		{074F3DD9-F0DE-460F-A17D-BFD03E64C37C}.ExportRelease|Any CPU.ActiveCfg = Release|Any CPU
		{074F3DD9-F0DE-460F-A17D-BFD03E64C37C}.ExportRelease|Any CPU.Build.0 = Release|Any CPU
		{2878E917-1C89-4AF7-AF65-A8557FD49CD5}.Debug|Any CPU.ActiveCfg = Debug|Any CPU
		{2878E917-1C89-4AF7-AF65-A8557FD49CD5}.Debug|Any CPU.Build.0 = Debug|Any CPU
		{2878E917-1C89-4AF7-AF65-A8557FD49CD5}.ExportDebug|Any CPU.ActiveCfg = Debug|Any CPU
		{2878E917-1C89-4AF7-AF65-A8557FD49CD5}.ExportDebug|Any CPU.Build.0 = Debug|Any CPU
		{2878E917-1C89-4AF7-AF65-A8557FD49CD5}.ExportRelease|Any CPU.ActiveCfg = Release|Any CPU
		{2878E917-1C89-4AF7-AF65-A8557FD49CD5}.ExportRelease|Any CPU.Build.0 = Release|Any CPU
	EndGlobalSection
	GlobalSection(SolutionProperties) = preSolution
		HideSolutionNode = FALSE
	EndGlobalSection
EndGlobal
