Microsoft Visual Studio Solution File, Format Version 12.00
# Visual Studio Version 17
VisualStudioVersion = 17.0.31903.59
MinimumVisualStudioVersion = 10.0.40219.1
Project("{FAE04EC0-301F-11D3-BF4B-00C04F79EFBC}") = "BasicHostAppEmbedded", "BasicHostAppEmbedded.csproj", "{F346D31E-A72A-45D9-A782-9CC1278FF779}"
EndProject
Project("{FAE04EC0-301F-11D3-BF4B-00C04F79EFBC}") = "GdKirie.EventaAdapter", "..\..\packages\GdKirie.EventaAdapter\GdKirie.EventaAdapter.csproj", "{45234CC0-D00E-49DA-8CA6-CCE9EA544DB9}"
EndProject
Global
	GlobalSection(SolutionConfigurationPlatforms) = preSolution
		Debug|Any CPU = Debug|Any CPU
		ExportDebug|Any CPU = ExportDebug|Any CPU
		ExportRelease|Any CPU = ExportRelease|Any CPU
		Release|Any CPU = Release|Any CPU
	EndGlobalSection
	GlobalSection(ProjectConfigurationPlatforms) = postSolution
		{F346D31E-A72A-45D9-A782-9CC1278FF779}.Debug|Any CPU.ActiveCfg = Debug|Any CPU
		{F346D31E-A72A-45D9-A782-9CC1278FF779}.Debug|Any CPU.Build.0 = Debug|Any CPU
		{F346D31E-A72A-45D9-A782-9CC1278FF779}.ExportDebug|Any CPU.ActiveCfg = ExportDebug|Any CPU
		{F346D31E-A72A-45D9-A782-9CC1278FF779}.ExportDebug|Any CPU.Build.0 = ExportDebug|Any CPU
		{F346D31E-A72A-45D9-A782-9CC1278FF779}.ExportRelease|Any CPU.ActiveCfg = ExportRelease|Any CPU
		{F346D31E-A72A-45D9-A782-9CC1278FF779}.ExportRelease|Any CPU.Build.0 = ExportRelease|Any CPU
		{F346D31E-A72A-45D9-A782-9CC1278FF779}.Release|Any CPU.ActiveCfg = Release|Any CPU
		{F346D31E-A72A-45D9-A782-9CC1278FF779}.Release|Any CPU.Build.0 = Release|Any CPU
		{45234CC0-D00E-49DA-8CA6-CCE9EA544DB9}.Debug|Any CPU.ActiveCfg = Debug|Any CPU
		{45234CC0-D00E-49DA-8CA6-CCE9EA544DB9}.Debug|Any CPU.Build.0 = Debug|Any CPU
		{45234CC0-D00E-49DA-8CA6-CCE9EA544DB9}.ExportDebug|Any CPU.ActiveCfg = Debug|Any CPU
		{45234CC0-D00E-49DA-8CA6-CCE9EA544DB9}.ExportDebug|Any CPU.Build.0 = Debug|Any CPU
		{45234CC0-D00E-49DA-8CA6-CCE9EA544DB9}.ExportRelease|Any CPU.ActiveCfg = Release|Any CPU
		{45234CC0-D00E-49DA-8CA6-CCE9EA544DB9}.ExportRelease|Any CPU.Build.0 = Release|Any CPU
		{45234CC0-D00E-49DA-8CA6-CCE9EA544DB9}.Release|Any CPU.ActiveCfg = Release|Any CPU
		{45234CC0-D00E-49DA-8CA6-CCE9EA544DB9}.Release|Any CPU.Build.0 = Release|Any CPU
	EndGlobalSection
	GlobalSection(SolutionProperties) = preSolution
		HideSolutionNode = FALSE
	EndGlobalSection
EndGlobal
